// !$*UTF8*$!
{
	archiveVersion = 1;
	classes = {
	};
	objectVersion = 46;
	objects = {

/* Begin PBXBuildFile section */
		EC428A3B1C5F501C00355CBF /* AppDelegate.swift in Sources */ = {isa = PBXBuildFile; fileRef = EC428A3A1C5F501C00355CBF /* AppDelegate.swift */; };
		EC428A3D1C5F501C00355CBF /* ViewController.swift in Sources */ = {isa = PBXBuildFile; fileRef = EC428A3C1C5F501C00355CBF /* ViewController.swift */; };
		EC428A401C5F501C00355CBF /* Main.storyboard in Resources */ = {isa = PBXBuildFile; fileRef = EC428A3E1C5F501C00355CBF /* Main.storyboard */; };
		EC428A421C5F501C00355CBF /* Assets.xcassets in Resources */ = {isa = PBXBuildFile; fileRef = EC428A411C5F501C00355CBF /* Assets.xcassets */; };
		EC428A451C5F501C00355CBF /* LaunchScreen.storyboard in Resources */ = {isa = PBXBuildFile; fileRef = EC428A431C5F501C00355CBF /* LaunchScreen.storyboard */; };
		EC428A4A1C5F501C00355CBF /* WatchActivityIndicator WatchKit App.app in Embed Watch Content */ = {isa = PBXBuildFile; fileRef = EC428A491C5F501C00355CBF /* WatchActivityIndicator WatchKit App.app */; };
		EC428A501C5F501C00355CBF /* Interface.storyboard in Resources */ = {isa = PBXBuildFile; fileRef = EC428A4E1C5F501C00355CBF /* Interface.storyboard */; };
		EC428A521C5F501C00355CBF /* Assets.xcassets in Resources */ = {isa = PBXBuildFile; fileRef = EC428A511C5F501C00355CBF /* Assets.xcassets */; };
		EC428A591C5F501C00355CBF /* WatchActivityIndicator WatchKit Extension.appex in Embed App Extensions */ = {isa = PBXBuildFile; fileRef = EC428A581C5F501C00355CBF /* WatchActivityIndicator WatchKit Extension.appex */; settings = {ATTRIBUTES = (RemoveHeadersOnCopy, ); }; };
		EC428A5E1C5F501C00355CBF /* InterfaceController.swift in Sources */ = {isa = PBXBuildFile; fileRef = EC428A5D1C5F501C00355CBF /* InterfaceController.swift */; };
		EC428A601C5F501C00355CBF /* ExtensionDelegate.swift in Sources */ = {isa = PBXBuildFile; fileRef = EC428A5F1C5F501C00355CBF /* ExtensionDelegate.swift */; };
		EC428A621C5F501C00355CBF /* Assets.xcassets in Resources */ = {isa = PBXBuildFile; fileRef = EC428A611C5F501C00355CBF /* Assets.xcassets */; };
		EC428A761C5F76D100355CBF /* FirstInterfaceIndicator.swift in Sources */ = {isa = PBXBuildFile; fileRef = EC428A751C5F76D100355CBF /* FirstInterfaceIndicator.swift */; };
		ECB1F5531C6200CB0021C864 /* ActivityIndicator.swift in Sources */ = {isa = PBXBuildFile; fileRef = ECB1F5521C6200CB0021C864 /* ActivityIndicator.swift */; };
		ECB1F5551C6231970021C864 /* SecondInterfaceController.swift in Sources */ = {isa = PBXBuildFile; fileRef = ECB1F5541C6231970021C864 /* SecondInterfaceController.swift */; };
/* End PBXBuildFile section */

/* Begin PBXContainerItemProxy section */
		EC428A4B1C5F501C00355CBF /* PBXContainerItemProxy */ = {
			isa = PBXContainerItemProxy;
			containerPortal = EC428A2F1C5F501C00355CBF /* Project object */;
			proxyType = 1;
			remoteGlobalIDString = EC428A481C5F501C00355CBF;
			remoteInfo = "WatchActivityIndicator WatchKit App";
		};
		EC428A5A1C5F501C00355CBF /* PBXContainerItemProxy */ = {
			isa = PBXContainerItemProxy;
			containerPortal = EC428A2F1C5F501C00355CBF /* Project object */;
			proxyType = 1;
			remoteGlobalIDString = EC428A571C5F501C00355CBF;
			remoteInfo = "WatchActivityIndicator WatchKit Extension";
		};
/* End PBXContainerItemProxy section */

/* Begin PBXCopyFilesBuildPhase section */
		EC428A691C5F501C00355CBF /* Embed App Extensions */ = {
			isa = PBXCopyFilesBuildPhase;
			buildActionMask = 2147483647;
			dstPath = "";
			dstSubfolderSpec = 13;
			files = (
				EC428A591C5F501C00355CBF /* WatchActivityIndicator WatchKit Extension.appex in Embed App Extensions */,
			);
			name = "Embed App Extensions";
			runOnlyForDeploymentPostprocessing = 0;
		};
		EC428A6D1C5F501C00355CBF /* Embed Watch Content */ = {
			isa = PBXCopyFilesBuildPhase;
			buildActionMask = 2147483647;
			dstPath = "$(CONTENTS_FOLDER_PATH)/Watch";
			dstSubfolderSpec = 16;
			files = (
				EC428A4A1C5F501C00355CBF /* WatchActivityIndicator WatchKit App.app in Embed Watch Content */,
			);
			name = "Embed Watch Content";
			runOnlyForDeploymentPostprocessing = 0;
		};
/* End PBXCopyFilesBuildPhase section */

/* Begin PBXFileReference section */
		EC428A371C5F501C00355CBF /* WatchActivityIndicator.app */ = {isa = PBXFileReference; explicitFileType = wrapper.application; includeInIndex = 0; path = WatchActivityIndicator.app; sourceTree = BUILT_PRODUCTS_DIR; };
		EC428A3A1C5F501C00355CBF /* AppDelegate.swift */ = {isa = PBXFileReference; lastKnownFileType = sourcecode.swift; path = AppDelegate.swift; sourceTree = "<group>"; };
		EC428A3C1C5F501C00355CBF /* ViewController.swift */ = {isa = PBXFileReference; lastKnownFileType = sourcecode.swift; path = ViewController.swift; sourceTree = "<group>"; };
		EC428A3F1C5F501C00355CBF /* Base */ = {isa = PBXFileReference; lastKnownFileType = file.storyboard; name = Base; path = Base.lproj/Main.storyboard; sourceTree = "<group>"; };
		EC428A411C5F501C00355CBF /* Assets.xcassets */ = {isa = PBXFileReference; lastKnownFileType = folder.assetcatalog; path = Assets.xcassets; sourceTree = "<group>"; };
		EC428A441C5F501C00355CBF /* Base */ = {isa = PBXFileReference; lastKnownFileType = file.storyboard; name = Base; path = Base.lproj/LaunchScreen.storyboard; sourceTree = "<group>"; };
		EC428A461C5F501C00355CBF /* Info.plist */ = {isa = PBXFileReference; lastKnownFileType = text.plist.xml; path = Info.plist; sourceTree = "<group>"; };
		EC428A491C5F501C00355CBF /* WatchActivityIndicator WatchKit App.app */ = {isa = PBXFileReference; explicitFileType = wrapper.application; includeInIndex = 0; path = "WatchActivityIndicator WatchKit App.app"; sourceTree = BUILT_PRODUCTS_DIR; };
		EC428A4F1C5F501C00355CBF /* Base */ = {isa = PBXFileReference; lastKnownFileType = file.storyboard; name = Base; path = Base.lproj/Interface.storyboard; sourceTree = "<group>"; };
		EC428A511C5F501C00355CBF /* Assets.xcassets */ = {isa = PBXFileReference; lastKnownFileType = folder.assetcatalog; path = Assets.xcassets; sourceTree = "<group>"; };
		EC428A531C5F501C00355CBF /* Info.plist */ = {isa = PBXFileReference; lastKnownFileType = text.plist.xml; path = Info.plist; sourceTree = "<group>"; };
		EC428A581C5F501C00355CBF /* WatchActivityIndicator WatchKit Extension.appex */ = {isa = PBXFileReference; explicitFileType = "wrapper.app-extension"; includeInIndex = 0; path = "WatchActivityIndicator WatchKit Extension.appex"; sourceTree = BUILT_PRODUCTS_DIR; };
		EC428A5D1C5F501C00355CBF /* InterfaceController.swift */ = {isa = PBXFileReference; lastKnownFileType = sourcecode.swift; path = InterfaceController.swift; sourceTree = "<group>"; };
		EC428A5F1C5F501C00355CBF /* ExtensionDelegate.swift */ = {isa = PBXFileReference; lastKnownFileType = sourcecode.swift; path = ExtensionDelegate.swift; sourceTree = "<group>"; };
		EC428A611C5F501C00355CBF /* Assets.xcassets */ = {isa = PBXFileReference; lastKnownFileType = folder.assetcatalog; path = Assets.xcassets; sourceTree = "<group>"; };
		EC428A631C5F501C00355CBF /* Info.plist */ = {isa = PBXFileReference; lastKnownFileType = text.plist.xml; path = Info.plist; sourceTree = "<group>"; };
		EC428A751C5F76D100355CBF /* FirstInterfaceIndicator.swift */ = {isa = PBXFileReference; fileEncoding = 4; lastKnownFileType = sourcecode.swift; name = FirstInterfaceIndicator.swift; path = "../WatchActivityIndicator WatchKit App/FirstInterfaceIndicator.swift"; sourceTree = "<group>"; };
		ECB1F5521C6200CB0021C864 /* ActivityIndicator.swift */ = {isa = PBXFileReference; fileEncoding = 4; lastKnownFileType = sourcecode.swift; path = ActivityIndicator.swift; sourceTree = "<group>"; };
		ECB1F5541C6231970021C864 /* SecondInterfaceController.swift */ = {isa = PBXFileReference; fileEncoding = 4; lastKnownFileType = sourcecode.swift; path = SecondInterfaceController.swift; sourceTree = "<group>"; };
/* End PBXFileReference section */

/* Begin PBXFrameworksBuildPhase section */
		EC428A341C5F501C00355CBF /* Frameworks */ = {
			isa = PBXFrameworksBuildPhase;
			buildActionMask = 2147483647;
			files = (
			);
			runOnlyForDeploymentPostprocessing = 0;
		};
		EC428A551C5F501C00355CBF /* Frameworks */ = {
			isa = PBXFrameworksBuildPhase;
			buildActionMask = 2147483647;
			files = (
			);
			runOnlyForDeploymentPostprocessing = 0;
		};
/* End PBXFrameworksBuildPhase section */

/* Begin PBXGroup section */
		EC428A2E1C5F501C00355CBF = {
			isa = PBXGroup;
			children = (
				EC428A391C5F501C00355CBF /* WatchActivityIndicator */,
				EC428A4D1C5F501C00355CBF /* WatchActivityIndicator WatchKit App */,
				EC428A5C1C5F501C00355CBF /* WatchActivityIndicator WatchKit Extension */,
				EC428A381C5F501C00355CBF /* Products */,
			);
			sourceTree = "<group>";
		};
		EC428A381C5F501C00355CBF /* Products */ = {
			isa = PBXGroup;
			children = (
				EC428A371C5F501C00355CBF /* WatchActivityIndicator.app */,
				EC428A491C5F501C00355CBF /* WatchActivityIndicator WatchKit App.app */,
				EC428A581C5F501C00355CBF /* WatchActivityIndicator WatchKit Extension.appex */,
			);
			name = Products;
			sourceTree = "<group>";
		};
		EC428A391C5F501C00355CBF /* WatchActivityIndicator */ = {
			isa = PBXGroup;
			children = (
				EC428A3A1C5F501C00355CBF /* AppDelegate.swift */,
				EC428A3C1C5F501C00355CBF /* ViewController.swift */,
				EC428A3E1C5F501C00355CBF /* Main.storyboard */,
				EC428A411C5F501C00355CBF /* Assets.xcassets */,
				EC428A431C5F501C00355CBF /* LaunchScreen.storyboard */,
				EC428A461C5F501C00355CBF /* Info.plist */,
			);
			path = WatchActivityIndicator;
			sourceTree = "<group>";
		};
		EC428A4D1C5F501C00355CBF /* WatchActivityIndicator WatchKit App */ = {
			isa = PBXGroup;
			children = (
				EC428A4E1C5F501C00355CBF /* Interface.storyboard */,
				EC428A511C5F501C00355CBF /* Assets.xcassets */,
				EC428A531C5F501C00355CBF /* Info.plist */,
			);
			path = "WatchActivityIndicator WatchKit App";
			sourceTree = "<group>";
		};
		EC428A5C1C5F501C00355CBF /* WatchActivityIndicator WatchKit Extension */ = {
			isa = PBXGroup;
			children = (
				EC428A5D1C5F501C00355CBF /* InterfaceController.swift */,
				EC428A5F1C5F501C00355CBF /* ExtensionDelegate.swift */,
				EC428A751C5F76D100355CBF /* FirstInterfaceIndicator.swift */,
				EC428A611C5F501C00355CBF /* Assets.xcassets */,
				EC428A631C5F501C00355CBF /* Info.plist */,
				ECB1F5521C6200CB0021C864 /* ActivityIndicator.swift */,
				ECB1F5541C6231970021C864 /* SecondInterfaceController.swift */,
			);
			path = "WatchActivityIndicator WatchKit Extension";
			sourceTree = "<group>";
		};
/* End PBXGroup section */

/* Begin PBXNativeTarget section */
		EC428A361C5F501C00355CBF /* WatchActivityIndicator */ = {
			isa = PBXNativeTarget;
			buildConfigurationList = EC428A6E1C5F501C00355CBF /* Build configuration list for PBXNativeTarget "WatchActivityIndicator" */;
			buildPhases = (
				EC428A331C5F501C00355CBF /* Sources */,
				EC428A341C5F501C00355CBF /* Frameworks */,
				EC428A351C5F501C00355CBF /* Resources */,
				EC428A6D1C5F501C00355CBF /* Embed Watch Content */,
			);
			buildRules = (
			);
			dependencies = (
				EC428A4C1C5F501C00355CBF /* PBXTargetDependency */,
			);
			name = WatchActivityIndicator;
			productName = WatchActivityIndicator;
			productReference = EC428A371C5F501C00355CBF /* WatchActivityIndicator.app */;
			productType = "com.apple.product-type.application";
		};
		EC428A481C5F501C00355CBF /* WatchActivityIndicator WatchKit App */ = {
			isa = PBXNativeTarget;
			buildConfigurationList = EC428A6A1C5F501C00355CBF /* Build configuration list for PBXNativeTarget "WatchActivityIndicator WatchKit App" */;
			buildPhases = (
				EC428A471C5F501C00355CBF /* Resources */,
				EC428A691C5F501C00355CBF /* Embed App Extensions */,
			);
			buildRules = (
			);
			dependencies = (
				EC428A5B1C5F501C00355CBF /* PBXTargetDependency */,
			);
			name = "WatchActivityIndicator WatchKit App";
			productName = "WatchActivityIndicator WatchKit App";
			productReference = EC428A491C5F501C00355CBF /* WatchActivityIndicator WatchKit App.app */;
			productType = "com.apple.product-type.application.watchapp2";
		};
		EC428A571C5F501C00355CBF /* WatchActivityIndicator WatchKit Extension */ = {
			isa = PBXNativeTarget;
			buildConfigurationList = EC428A661C5F501C00355CBF /* Build configuration list for PBXNativeTarget "WatchActivityIndicator WatchKit Extension" */;
			buildPhases = (
				EC428A541C5F501C00355CBF /* Sources */,
				EC428A551C5F501C00355CBF /* Frameworks */,
				EC428A561C5F501C00355CBF /* Resources */,
			);
			buildRules = (
			);
			dependencies = (
			);
			name = "WatchActivityIndicator WatchKit Extension";
			productName = "WatchActivityIndicator WatchKit Extension";
			productReference = EC428A581C5F501C00355CBF /* WatchActivityIndicator WatchKit Extension.appex */;
			productType = "com.apple.product-type.watchkit2-extension";
		};
/* End PBXNativeTarget section */

/* Begin PBXProject section */
		EC428A2F1C5F501C00355CBF /* Project object */ = {
			isa = PBXProject;
			attributes = {
				LastSwiftUpdateCheck = 0720;
				LastUpgradeCheck = 0720;
				ORGANIZATIONNAME = "Yogesh Bharate";
				TargetAttributes = {
					EC428A361C5F501C00355CBF = {
						CreatedOnToolsVersion = 7.2;
					};
					EC428A481C5F501C00355CBF = {
						CreatedOnToolsVersion = 7.2;
					};
					EC428A571C5F501C00355CBF = {
						CreatedOnToolsVersion = 7.2;
					};
				};
			};
			buildConfigurationList = EC428A321C5F501C00355CBF /* Build configuration list for PBXProject "WatchActivityIndicator" */;
			compatibilityVersion = "Xcode 3.2";
			developmentRegion = English;
			hasScannedForEncodings = 0;
			knownRegions = (
				en,
				Base,
			);
			mainGroup = EC428A2E1C5F501C00355CBF;
			productRefGroup = EC428A381C5F501C00355CBF /* Products */;
			projectDirPath = "";
			projectRoot = "";
			targets = (
				EC428A361C5F501C00355CBF /* WatchActivityIndicator */,
				EC428A481C5F501C00355CBF /* WatchActivityIndicator WatchKit App */,
				EC428A571C5F501C00355CBF /* WatchActivityIndicator WatchKit Extension */,
			);
		};
/* End PBXProject section */

/* Begin PBXResourcesBuildPhase section */
		EC428A351C5F501C00355CBF /* Resources */ = {
			isa = PBXResourcesBuildPhase;
			buildActionMask = 2147483647;
			files = (
				EC428A451C5F501C00355CBF /* LaunchScreen.storyboard in Resources */,
				EC428A421C5F501C00355CBF /* Assets.xcassets in Resources */,
				EC428A401C5F501C00355CBF /* Main.storyboard in Resources */,
			);
			runOnlyForDeploymentPostprocessing = 0;
		};
		EC428A471C5F501C00355CBF /* Resources */ = {
			isa = PBXResourcesBuildPhase;
			buildActionMask = 2147483647;
			files = (
				EC428A521C5F501C00355CBF /* Assets.xcassets in Resources */,
				EC428A501C5F501C00355CBF /* Interface.storyboard in Resources */,
			);
			runOnlyForDeploymentPostprocessing = 0;
		};
		EC428A561C5F501C00355CBF /* Resources */ = {
			isa = PBXResourcesBuildPhase;
			buildActionMask = 2147483647;
			files = (
				EC428A621C5F501C00355CBF /* Assets.xcassets in Resources */,
			);
			runOnlyForDeploymentPostprocessing = 0;
		};
/* End PBXResourcesBuildPhase section */

/* Begin PBXSourcesBuildPhase section */
		EC428A331C5F501C00355CBF /* Sources */ = {
			isa = PBXSourcesBuildPhase;
			buildActionMask = 2147483647;
			files = (
				EC428A761C5F76D100355CBF /* FirstInterfaceIndicator.swift in Sources */,
				EC428A3D1C5F501C00355CBF /* ViewController.swift in Sources */,
				EC428A3B1C5F501C00355CBF /* AppDelegate.swift in Sources */,
			);
			runOnlyForDeploymentPostprocessing = 0;
		};
		EC428A541C5F501C00355CBF /* Sources */ = {
			isa = PBXSourcesBuildPhase;
			buildActionMask = 2147483647;
			files = (
				EC428A601C5F501C00355CBF /* ExtensionDelegate.swift in Sources */,
				ECB1F5531C6200CB0021C864 /* ActivityIndicator.swift in Sources */,
				EC428A5E1C5F501C00355CBF /* InterfaceController.swift in Sources */,
				ECB1F5551C6231970021C864 /* SecondInterfaceController.swift in Sources */,
			);
			runOnlyForDeploymentPostprocessing = 0;
		};
/* End PBXSourcesBuildPhase section */

/* Begin PBXTargetDependency section */
		EC428A4C1C5F501C00355CBF /* PBXTargetDependency */ = {
			isa = PBXTargetDependency;
			target = EC428A481C5F501C00355CBF /* WatchActivityIndicator WatchKit App */;
			targetProxy = EC428A4B1C5F501C00355CBF /* PBXContainerItemProxy */;
		};
		EC428A5B1C5F501C00355CBF /* PBXTargetDependency */ = {
			isa = PBXTargetDependency;
			target = EC428A571C5F501C00355CBF /* WatchActivityIndicator WatchKit Extension */;
			targetProxy = EC428A5A1C5F501C00355CBF /* PBXContainerItemProxy */;
		};
/* End PBXTargetDependency section */

/* Begin PBXVariantGroup section */
		EC428A3E1C5F501C00355CBF /* Main.storyboard */ = {
			isa = PBXVariantGroup;
			children = (
				EC428A3F1C5F501C00355CBF /* Base */,
			);
			name = Main.storyboard;
			sourceTree = "<group>";
		};
		EC428A431C5F501C00355CBF /* LaunchScreen.storyboard */ = {
			isa = PBXVariantGroup;
			children = (
				EC428A441C5F501C00355CBF /* Base */,
			);
			name = LaunchScreen.storyboard;
			sourceTree = "<group>";
		};
		EC428A4E1C5F501C00355CBF /* Interface.storyboard */ = {
			isa = PBXVariantGroup;
			children = (
				EC428A4F1C5F501C00355CBF /* Base */,
			);
			name = Interface.storyboard;
			sourceTree = "<group>";
		};
/* End PBXVariantGroup section */

/* Begin XCBuildConfiguration section */
		EC428A641C5F501C00355CBF /* Debug */ = {
			isa = XCBuildConfiguration;
			buildSettings = {
				ALWAYS_SEARCH_USER_PATHS = NO;
				CLANG_CXX_LANGUAGE_STANDARD = "gnu++0x";
				CLANG_CXX_LIBRARY = "libc++";
				CLANG_ENABLE_MODULES = YES;
				CLANG_ENABLE_OBJC_ARC = YES;
				CLANG_WARN_BOOL_CONVERSION = YES;
				CLANG_WARN_CONSTANT_CONVERSION = YES;
				CLANG_WARN_DIRECT_OBJC_ISA_USAGE = YES_ERROR;
				CLANG_WARN_EMPTY_BODY = YES;
				CLANG_WARN_ENUM_CONVERSION = YES;
				CLANG_WARN_INT_CONVERSION = YES;
				CLANG_WARN_OBJC_ROOT_CLASS = YES_ERROR;
				CLANG_WARN_UNREACHABLE_CODE = YES;
				CLANG_WARN__DUPLICATE_METHOD_MATCH = YES;
				"CODE_SIGN_IDENTITY[sdk=iphoneos*]" = "iPhone Developer";
				COPY_PHASE_STRIP = NO;
				DEBUG_INFORMATION_FORMAT = dwarf;
				ENABLE_STRICT_OBJC_MSGSEND = YES;
				ENABLE_TESTABILITY = YES;
				GCC_C_LANGUAGE_STANDARD = gnu99;
				GCC_DYNAMIC_NO_PIC = NO;
				GCC_NO_COMMON_BLOCKS = YES;
				GCC_OPTIMIZATION_LEVEL = 0;
				GCC_PREPROCESSOR_DEFINITIONS = (
					"DEBUG=1",
					"$(inherited)",
				);
				GCC_WARN_64_TO_32_BIT_CONVERSION = YES;
				GCC_WARN_ABOUT_RETURN_TYPE = YES_ERROR;
				GCC_WARN_UNDECLARED_SELECTOR = YES;
				GCC_WARN_UNINITIALIZED_AUTOS = YES_AGGRESSIVE;
				GCC_WARN_UNUSED_FUNCTION = YES;
				GCC_WARN_UNUSED_VARIABLE = YES;
				IPHONEOS_DEPLOYMENT_TARGET = 9.2;
				MTL_ENABLE_DEBUG_INFO = YES;
				ONLY_ACTIVE_ARCH = YES;
				SDKROOT = iphoneos;
				SWIFT_OPTIMIZATION_LEVEL = "-Onone";
			};
			name = Debug;
		};
		EC428A651C5F501C00355CBF /* Release */ = {
			isa = XCBuildConfiguration;
			buildSettings = {
				ALWAYS_SEARCH_USER_PATHS = NO;
				CLANG_CXX_LANGUAGE_STANDARD = "gnu++0x";
				CLANG_CXX_LIBRARY = "libc++";
				CLANG_ENABLE_MODULES = YES;
				CLANG_ENABLE_OBJC_ARC = YES;
				CLANG_WARN_BOOL_CONVERSION = YES;
				CLANG_WARN_CONSTANT_CONVERSION = YES;
				CLANG_WARN_DIRECT_OBJC_ISA_USAGE = YES_ERROR;
				CLANG_WARN_EMPTY_BODY = YES;
				CLANG_WARN_ENUM_CONVERSION = YES;
				CLANG_WARN_INT_CONVERSION = YES;
				CLANG_WARN_OBJC_ROOT_CLASS = YES_ERROR;
				CLANG_WARN_UNREACHABLE_CODE = YES;
				CLANG_WARN__DUPLICATE_METHOD_MATCH = YES;
				"CODE_SIGN_IDENTITY[sdk=iphoneos*]" = "iPhone Developer";
				COPY_PHASE_STRIP = NO;
				DEBUG_INFORMATION_FORMAT = "dwarf-with-dsym";
				ENABLE_NS_ASSERTIONS = NO;
				ENABLE_STRICT_OBJC_MSGSEND = YES;
				GCC_C_LANGUAGE_STANDARD = gnu99;
				GCC_NO_COMMON_BLOCKS = YES;
				GCC_WARN_64_TO_32_BIT_CONVERSION = YES;
				GCC_WARN_ABOUT_RETURN_TYPE = YES_ERROR;
				GCC_WARN_UNDECLARED_SELECTOR = YES;
				GCC_WARN_UNINITIALIZED_AUTOS = YES_AGGRESSIVE;
				GCC_WARN_UNUSED_FUNCTION = YES;
				GCC_WARN_UNUSED_VARIABLE = YES;
				IPHONEOS_DEPLOYMENT_TARGET = 9.2;
				MTL_ENABLE_DEBUG_INFO = NO;
				SDKROOT = iphoneos;
				VALIDATE_PRODUCT = YES;
			};
			name = Release;
		};
		EC428A671C5F501C00355CBF /* Debug */ = {
			isa = XCBuildConfiguration;
			buildSettings = {
				INFOPLIST_FILE = "WatchActivityIndicator WatchKit Extension/Info.plist";
				LD_RUNPATH_SEARCH_PATHS = "$(inherited) @executable_path/Frameworks @executable_path/../../Frameworks";
				PRODUCT_BUNDLE_IDENTIFIER = synerzip.WatchActivityIndicator.watchkitapp.watchkitextension;
				PRODUCT_NAME = "${TARGET_NAME}";
				SDKROOT = watchos;
				SKIP_INSTALL = YES;
				TARGETED_DEVICE_FAMILY = 4;
				WATCHOS_DEPLOYMENT_TARGET = 2.1;
			};
			name = Debug;
		};
		EC428A681C5F501C00355CBF /* Release */ = {
			isa = XCBuildConfiguration;
			buildSettings = {
				INFOPLIST_FILE = "WatchActivityIndicator WatchKit Extension/Info.plist";
				LD_RUNPATH_SEARCH_PATHS = "$(inherited) @executable_path/Frameworks @executable_path/../../Frameworks";
				PRODUCT_BUNDLE_IDENTIFIER = synerzip.WatchActivityIndicator.watchkitapp.watchkitextension;
				PRODUCT_NAME = "${TARGET_NAME}";
				SDKROOT = watchos;
				SKIP_INSTALL = YES;
				TARGETED_DEVICE_FAMILY = 4;
				WATCHOS_DEPLOYMENT_TARGET = 2.1;
			};
			name = Release;
		};
		EC428A6B1C5F501C00355CBF /* Debug */ = {
			isa = XCBuildConfiguration;
			buildSettings = {
				ASSETCATALOG_COMPILER_APPICON_NAME = AppIcon;
				EMBEDDED_CONTENT_CONTAINS_SWIFT = YES;
				IBSC_MODULE = WatchActivityIndicator_WatchKit_Extension;
				INFOPLIST_FILE = "WatchActivityIndicator WatchKit App/Info.plist";
				PRODUCT_BUNDLE_IDENTIFIER = synerzip.WatchActivityIndicator.watchkitapp;
				PRODUCT_NAME = "$(TARGET_NAME)";
				SDKROOT = watchos;
				SKIP_INSTALL = YES;
				TARGETED_DEVICE_FAMILY = 4;
				WATCHOS_DEPLOYMENT_TARGET = 2.1;
			};
			name = Debug;
		};
		EC428A6C1C5F501C00355CBF /* Release */ = {
			isa = XCBuildConfiguration;
			buildSettings = {
				ASSETCATALOG_COMPILER_APPICON_NAME = AppIcon;
				EMBEDDED_CONTENT_CONTAINS_SWIFT = YES;
				IBSC_MODULE = WatchActivityIndicator_WatchKit_Extension;
				INFOPLIST_FILE = "WatchActivityIndicator WatchKit App/Info.plist";
				PRODUCT_BUNDLE_IDENTIFIER = synerzip.WatchActivityIndicator.watchkitapp;
				PRODUCT_NAME = "$(TARGET_NAME)";
				SDKROOT = watchos;
				SKIP_INSTALL = YES;
				TARGETED_DEVICE_FAMILY = 4;
				WATCHOS_DEPLOYMENT_TARGET = 2.1;
			};
			name = Release;
		};
		EC428A6F1C5F501C00355CBF /* Debug */ = {
			isa = XCBuildConfiguration;
			buildSettings = {
				ASSETCATALOG_COMPILER_APPICON_NAME = AppIcon;
				INFOPLIST_FILE = WatchActivityIndicator/Info.plist;
				LD_RUNPATH_SEARCH_PATHS = "$(inherited) @executable_path/Frameworks";
				PRODUCT_BUNDLE_IDENTIFIER = synerzip.WatchActivityIndicator;
				PRODUCT_NAME = "$(TARGET_NAME)";
			};
			name = Debug;
		};
		EC428A701C5F501C00355CBF /* Release */ = {
			isa = XCBuildConfiguration;
			buildSettings = {
				ASSETCATALOG_COMPILER_APPICON_NAME = AppIcon;
				INFOPLIST_FILE = WatchActivityIndicator/Info.plist;
				LD_RUNPATH_SEARCH_PATHS = "$(inherited) @executable_path/Frameworks";
				PRODUCT_BUNDLE_IDENTIFIER = synerzip.WatchActivityIndicator;
				PRODUCT_NAME = "$(TARGET_NAME)";
			};
			name = Release;
		};
/* End XCBuildConfiguration section */

/* Begin XCConfigurationList section */
		EC428A321C5F501C00355CBF /* Build configuration list for PBXProject "WatchActivityIndicator" */ = {
			isa = XCConfigurationList;
			buildConfigurations = (
				EC428A641C5F501C00355CBF /* Debug */,
				EC428A651C5F501C00355CBF /* Release */,
			);
			defaultConfigurationIsVisible = 0;
			defaultConfigurationName = Release;
		};
		EC428A661C5F501C00355CBF /* Build configuration list for PBXNativeTarget "WatchActivityIndicator WatchKit Extension" */ = {
			isa = XCConfigurationList;
			buildConfigurations = (
				EC428A671C5F501C00355CBF /* Debug */,
				EC428A681C5F501C00355CBF /* Release */,
			);
			defaultConfigurationIsVisible = 0;
			defaultConfigurationName = Release;
		};
		EC428A6A1C5F501C00355CBF /* Build configuration list for PBXNativeTarget "WatchActivityIndicator WatchKit App" */ = {
			isa = XCConfigurationList;
			buildConfigurations = (
				EC428A6B1C5F501C00355CBF /* Debug */,
				EC428A6C1C5F501C00355CBF /* Release */,
			);
			defaultConfigurationIsVisible = 0;
			defaultConfigurationName = Release;
		};
		EC428A6E1C5F501C00355CBF /* Build configuration list for PBXNativeTarget "WatchActivityIndicator" */ = {
			isa = XCConfigurationList;
			buildConfigurations = (
				EC428A6F1C5F501C00355CBF /* Debug */,
				EC428A701C5F501C00355CBF /* Release */,
			);
			defaultConfigurationIsVisible = 0;
			defaultConfigurationName = Release;
		};
/* End XCConfigurationList section */
	};
	rootObject = EC428A2F1C5F501C00355CBF /* Project object */;
}
